{
  "version": 4,
  "terraform_version": "0.13.2",
  "serial": 14,
  "lineage": "f933f478-864c-5cec-9ee3-08909b4b5d59",
  "outputs": {
    "connection_string": {
      "value": "Server=tcp:terrasql.database.windows.net,1433;Initial Catalog=testdb;Persist Security Info=False;User ID=SQLServerAdminUser;Password=Ballroom1;MultipleActiveResultSets=False;Encrypt=True;TrustServerCertificate=False;Connection Timeout=30;",
      "type": "string"
    },
    "database_name": {
      "value": "testdb",
      "type": "string"
    },
    "log": {
      "value": "Sqlcmd: : Microsoft ODBC Driver 17 for SQL Server : Login failed for user 'SQLServerAdminUserError'..\r\n",
      "type": "string"
    },
    "sql_server_fqdn": {
      "value": "terrasql.database.windows.net",
      "type": "string"
    }
  },
  "resources": [
    {
      "mode": "managed",
      "type": "azurerm_sql_database",
      "name": "db",
      "provider": "provider[\"registry.terraform.io/hashicorp/azurerm\"]",
      "instances": [
        {
          "schema_version": 0,
          "attributes": {
            "collation": "SQL_Latin1_General_CP1_CI_AS",
            "create_mode": "Default",
            "creation_date": "2021-05-27T19:47:33.72Z",
            "default_secondary_location": "West US",
            "edition": "Basic",
            "elastic_pool_name": "",
            "encryption": "",
            "id": "/subscriptions/55f02284-ce87-4fd9-98e2-f41f32cf21a9/resourceGroups/TerraformStorageRG/providers/Microsoft.Sql/servers/terrasql/databases/testdb",
            "import": [],
            "location": "eastus",
            "max_size_bytes": "2147483648",
            "name": "testdb",
            "read_scale": false,
            "requested_service_objective_id": "dd6d99bb-f193-4ec1-86f2-43d3bccbc49c",
            "requested_service_objective_name": "Basic",
            "resource_group_name": "TerraformStorageRG",
            "restore_point_in_time": null,
            "server_name": "terrasql",
            "source_database_deletion_date": null,
            "source_database_id": null,
            "tags": null,
            "threat_detection_policy": [
              {
                "disabled_alerts": [],
                "email_account_admins": "Disabled",
                "email_addresses": [],
                "retention_days": 0,
                "state": "Disabled",
                "storage_account_access_key": "",
                "storage_endpoint": "",
                "use_server_default": "Disabled"
              }
            ],
            "timeouts": null,
            "zone_redundant": false
          },
          "private": "eyJlMmJmYjczMC1lY2FhLTExZTYtOGY4OC0zNDM2M2JjN2M0YzAiOnsiY3JlYXRlIjozNjAwMDAwMDAwMDAwLCJkZWxldGUiOjM2MDAwMDAwMDAwMDAsInJlYWQiOjMwMDAwMDAwMDAwMCwidXBkYXRlIjozNjAwMDAwMDAwMDAwfX0="
        }
      ]
    }
  ]
}
